
Microsoft Visual Studio Solution File, Format Version 12.00
# Visual Studio Version 17
VisualStudioVersion = 17.8.34525.116
MinimumVisualStudioVersion = 10.0.40219.1
Project("{FAE04EC0-301F-11D3-BF4B-00C04F79EFBC}") = "PR-22-02 Registration", "PR-22-02 Registration\PR-22-02 Registration.csproj", "{5EDE1DF9-B217-4898-A900-E2FE034AF3B2}"
EndProject
Global
	GlobalSection(SolutionConfigurationPlatforms) = preSolution
		Debug|Any CPU = Debug|Any CPU
		Release|Any CPU = Release|Any CPU
	EndGlobalSection
	GlobalSection(ProjectConfigurationPlatforms) = postSolution
		{5EDE1DF9-B217-4898-A900-E2FE034AF3B2}.Debug|Any CPU.ActiveCfg = Debug|Any CPU
		{5EDE1DF9-B217-4898-A900-E2FE034AF3B2}.Debug|Any CPU.Build.0 = Debug|Any CPU
		{5EDE1DF9-B217-4898-A900-E2FE034AF3B2}.Release|Any CPU.ActiveCfg = Release|Any CPU
		{5EDE1DF9-B217-4898-A900-E2FE034AF3B2}.Release|Any CPU.Build.0 = Release|Any CPU
	EndGlobalSection
	GlobalSection(SolutionProperties) = preSolution
		HideSolutionNode = FALSE
	EndGlobalSection
	GlobalSection(ExtensibilityGlobals) = postSolution
		SolutionGuid = {E53083E4-A8A7-4BCC-A089-3C2E8EAC0633}
	EndGlobalSection
EndGlobal
